
Microsoft Visual Studio Solution File, Format Version 11.00
# Visual Studio 2010
Project("{FAE04EC0-301F-11D3-BF4B-00C04F79EFBC}") = "Assembly-CSharp", "Assembly-CSharp.csproj", "{DCA299EB-606B-1B03-0457-E9E4D65DE088}"
EndProject
Global
	GlobalSection(SolutionConfigurationPlatforms) = preSolution
		Debug|Any CPU = Debug|Any CPU
		Release|Any CPU = Release|Any CPU
	EndGlobalSection
	GlobalSection(ProjectConfigurationPlatforms) = postSolution
		{DCA299EB-606B-1B03-0457-E9E4D65DE088}.Debug|Any CPU.ActiveCfg = Debug|Any CPU
		{DCA299EB-606B-1B03-0457-E9E4D65DE088}.Debug|Any CPU.Build.0 = Debug|Any CPU
		{DCA299EB-606B-1B03-0457-E9E4D65DE088}.Release|Any CPU.ActiveCfg = Release|Any CPU
		{DCA299EB-606B-1B03-0457-E9E4D65DE088}.Release|Any CPU.Build.0 = Release|Any CPU
	EndGlobalSection
	GlobalSection(SolutionProperties) = preSolution
		HideSolutionNode = FALSE
	EndGlobalSection
EndGlobal
