
Microsoft Visual Studio Solution File, Format Version 12.00
# Visual Studio 15
VisualStudioVersion = 15.0.28307.421
MinimumVisualStudioVersion = 10.0.40219.1
Project("{FAE04EC0-301F-11D3-BF4B-00C04F79EFBC}") = "MechDuelServer", "MechDuelServer\MechDuelServer.csproj", "{842D32B8-82B3-491A-8B62-A59FFC34CA37}"
EndProject
Project("{FAE04EC0-301F-11D3-BF4B-00C04F79EFBC}") = "MechDualCommon", "MechDualCommon\MechDualCommon.csproj", "{3A607DA8-A9D9-414E-B5B4-F707ECCC64B2}"
EndProject
Global
	GlobalSection(SolutionConfigurationPlatforms) = preSolution
		Debug|Any CPU = Debug|Any CPU
		Debug|ARM = Debug|ARM
		Debug|ARM64 = Debug|ARM64
		Debug|x64 = Debug|x64
		Debug|x86 = Debug|x86
		Release|Any CPU = Release|Any CPU
		Release|ARM = Release|ARM
		Release|ARM64 = Release|ARM64
		Release|x64 = Release|x64
		Release|x86 = Release|x86
	EndGlobalSection
	GlobalSection(ProjectConfigurationPlatforms) = postSolution
		{842D32B8-82B3-491A-8B62-A59FFC34CA37}.Debug|Any CPU.ActiveCfg = Debug|Any CPU
		{842D32B8-82B3-491A-8B62-A59FFC34CA37}.Debug|Any CPU.Build.0 = Debug|Any CPU
		{842D32B8-82B3-491A-8B62-A59FFC34CA37}.Debug|ARM.ActiveCfg = Debug|Any CPU
		{842D32B8-82B3-491A-8B62-A59FFC34CA37}.Debug|ARM.Build.0 = Debug|Any CPU
		{842D32B8-82B3-491A-8B62-A59FFC34CA37}.Debug|ARM64.ActiveCfg = Debug|Any CPU
		{842D32B8-82B3-491A-8B62-A59FFC34CA37}.Debug|ARM64.Build.0 = Debug|Any CPU
		{842D32B8-82B3-491A-8B62-A59FFC34CA37}.Debug|x64.ActiveCfg = Debug|Any CPU
		{842D32B8-82B3-491A-8B62-A59FFC34CA37}.Debug|x64.Build.0 = Debug|Any CPU
		{842D32B8-82B3-491A-8B62-A59FFC34CA37}.Debug|x86.ActiveCfg = Debug|Any CPU
		{842D32B8-82B3-491A-8B62-A59FFC34CA37}.Debug|x86.Build.0 = Debug|Any CPU
		{842D32B8-82B3-491A-8B62-A59FFC34CA37}.Release|Any CPU.ActiveCfg = Release|Any CPU
		{842D32B8-82B3-491A-8B62-A59FFC34CA37}.Release|Any CPU.Build.0 = Release|Any CPU
		{842D32B8-82B3-491A-8B62-A59FFC34CA37}.Release|ARM.ActiveCfg = Release|Any CPU
		{842D32B8-82B3-491A-8B62-A59FFC34CA37}.Release|ARM.Build.0 = Release|Any CPU
		{842D32B8-82B3-491A-8B62-A59FFC34CA37}.Release|ARM64.ActiveCfg = Release|Any CPU
		{842D32B8-82B3-491A-8B62-A59FFC34CA37}.Release|ARM64.Build.0 = Release|Any CPU
		{842D32B8-82B3-491A-8B62-A59FFC34CA37}.Release|x64.ActiveCfg = Release|Any CPU
		{842D32B8-82B3-491A-8B62-A59FFC34CA37}.Release|x64.Build.0 = Release|Any CPU
		{842D32B8-82B3-491A-8B62-A59FFC34CA37}.Release|x86.ActiveCfg = Release|Any CPU
		{842D32B8-82B3-491A-8B62-A59FFC34CA37}.Release|x86.Build.0 = Release|Any CPU
		{3A607DA8-A9D9-414E-B5B4-F707ECCC64B2}.Debug|Any CPU.ActiveCfg = Debug|Any CPU
		{3A607DA8-A9D9-414E-B5B4-F707ECCC64B2}.Debug|Any CPU.Build.0 = Debug|Any CPU
		{3A607DA8-A9D9-414E-B5B4-F707ECCC64B2}.Debug|ARM.ActiveCfg = Debug|Any CPU
		{3A607DA8-A9D9-414E-B5B4-F707ECCC64B2}.Debug|ARM.Build.0 = Debug|Any CPU
		{3A607DA8-A9D9-414E-B5B4-F707ECCC64B2}.Debug|ARM64.ActiveCfg = Debug|Any CPU
		{3A607DA8-A9D9-414E-B5B4-F707ECCC64B2}.Debug|ARM64.Build.0 = Debug|Any CPU
		{3A607DA8-A9D9-414E-B5B4-F707ECCC64B2}.Debug|x64.ActiveCfg = Debug|Any CPU
		{3A607DA8-A9D9-414E-B5B4-F707ECCC64B2}.Debug|x64.Build.0 = Debug|Any CPU
		{3A607DA8-A9D9-414E-B5B4-F707ECCC64B2}.Debug|x86.ActiveCfg = Debug|Any CPU
		{3A607DA8-A9D9-414E-B5B4-F707ECCC64B2}.Debug|x86.Build.0 = Debug|Any CPU
		{3A607DA8-A9D9-414E-B5B4-F707ECCC64B2}.Release|Any CPU.ActiveCfg = Release|Any CPU
		{3A607DA8-A9D9-414E-B5B4-F707ECCC64B2}.Release|Any CPU.Build.0 = Release|Any CPU
		{3A607DA8-A9D9-414E-B5B4-F707ECCC64B2}.Release|ARM.ActiveCfg = Release|Any CPU
		{3A607DA8-A9D9-414E-B5B4-F707ECCC64B2}.Release|ARM.Build.0 = Release|Any CPU
		{3A607DA8-A9D9-414E-B5B4-F707ECCC64B2}.Release|ARM64.ActiveCfg = Release|Any CPU
		{3A607DA8-A9D9-414E-B5B4-F707ECCC64B2}.Release|ARM64.Build.0 = Release|Any CPU
		{3A607DA8-A9D9-414E-B5B4-F707ECCC64B2}.Release|x64.ActiveCfg = Release|Any CPU
		{3A607DA8-A9D9-414E-B5B4-F707ECCC64B2}.Release|x64.Build.0 = Release|Any CPU
		{3A607DA8-A9D9-414E-B5B4-F707ECCC64B2}.Release|x86.ActiveCfg = Release|Any CPU
		{3A607DA8-A9D9-414E-B5B4-F707ECCC64B2}.Release|x86.Build.0 = Release|Any CPU
	EndGlobalSection
	GlobalSection(SolutionProperties) = preSolution
		HideSolutionNode = FALSE
	EndGlobalSection
	GlobalSection(ExtensibilityGlobals) = postSolution
		SolutionGuid = {3FB5208C-E8F0-4129-908A-A654538F90DA}
	EndGlobalSection
EndGlobal
